
Microsoft Visual Studio Solution File, Format Version 12.00
# Visual Studio Version 16
VisualStudioVersion = 16.0.29306.81
MinimumVisualStudioVersion = 10.0.40219.1
Project("{FAE04EC0-301F-11D3-BF4B-00C04F79EFBC}") = "RCS_Main_APP", "RCS_Main_APP\RCS_Main_APP.csproj", "{616499CF-CA74-4FE5-B6CF-E0F46ECF0BD8}"
EndProject
Project("{FAE04EC0-301F-11D3-BF4B-00C04F79EFBC}") = "RCS_XUnitTest", "RCS_XUnitTest\RCS_XUnitTest.csproj", "{C70EECA6-6F68-498D-99BD-A2BA20912AEB}"
EndProject
Global
	GlobalSection(SolutionConfigurationPlatforms) = preSolution
		Debug|Any CPU = Debug|Any CPU
		Release|Any CPU = Release|Any CPU
	EndGlobalSection
	GlobalSection(ProjectConfigurationPlatforms) = postSolution
		{616499CF-CA74-4FE5-B6CF-E0F46ECF0BD8}.Debug|Any CPU.ActiveCfg = Debug|Any CPU
		{616499CF-CA74-4FE5-B6CF-E0F46ECF0BD8}.Debug|Any CPU.Build.0 = Debug|Any CPU
		{616499CF-CA74-4FE5-B6CF-E0F46ECF0BD8}.Release|Any CPU.ActiveCfg = Release|Any CPU
		{616499CF-CA74-4FE5-B6CF-E0F46ECF0BD8}.Release|Any CPU.Build.0 = Release|Any CPU
		{C70EECA6-6F68-498D-99BD-A2BA20912AEB}.Debug|Any CPU.ActiveCfg = Debug|Any CPU
		{C70EECA6-6F68-498D-99BD-A2BA20912AEB}.Debug|Any CPU.Build.0 = Debug|Any CPU
		{C70EECA6-6F68-498D-99BD-A2BA20912AEB}.Release|Any CPU.ActiveCfg = Release|Any CPU
		{C70EECA6-6F68-498D-99BD-A2BA20912AEB}.Release|Any CPU.Build.0 = Release|Any CPU
	EndGlobalSection
	GlobalSection(SolutionProperties) = preSolution
		HideSolutionNode = FALSE
	EndGlobalSection
	GlobalSection(ExtensibilityGlobals) = postSolution
		SolutionGuid = {E926174C-C694-4579-9B26-C6514F9AF3BA}
	EndGlobalSection
EndGlobal
